
Microsoft Visual Studio Solution File, Format Version 12.00
# Visual Studio Version 16
VisualStudioVersion = 16.0.30225.117
MinimumVisualStudioVersion = 10.0.40219.1
Project("{FAE04EC0-301F-11D3-BF4B-00C04F79EFBC}") = "MvcVueApp", "MvcVueApp\MvcVueApp.csproj", "{83444DA5-A429-45A7-B110-EE88BADEBCD4}"
EndProject
Global
	GlobalSection(SolutionConfigurationPlatforms) = preSolution
		Debug|Any CPU = Debug|Any CPU
		Release|Any CPU = Release|Any CPU
	EndGlobalSection
	GlobalSection(ProjectConfigurationPlatforms) = postSolution
		{83444DA5-A429-45A7-B110-EE88BADEBCD4}.Debug|Any CPU.ActiveCfg = Debug|Any CPU
		{83444DA5-A429-45A7-B110-EE88BADEBCD4}.Debug|Any CPU.Build.0 = Debug|Any CPU
		{83444DA5-A429-45A7-B110-EE88BADEBCD4}.Release|Any CPU.ActiveCfg = Release|Any CPU
		{83444DA5-A429-45A7-B110-EE88BADEBCD4}.Release|Any CPU.Build.0 = Release|Any CPU
	EndGlobalSection
	GlobalSection(SolutionProperties) = preSolution
		HideSolutionNode = FALSE
	EndGlobalSection
	GlobalSection(ExtensibilityGlobals) = postSolution
		SolutionGuid = {3C9D82D8-DFB0-433D-854C-B3BD24C0F8B1}
	EndGlobalSection
EndGlobal
